
Microsoft Visual Studio Solution File, Format Version 12.00
# Visual Studio 2013
VisualStudioVersion = 12.0.40629.0
MinimumVisualStudioVersion = 10.0.40219.1
Project("{FAE04EC0-301F-11D3-BF4B-00C04F79EFBC}") = "01.Declare-Variables", "01.Declare-Variables\01.Declare-Variables.csproj", "{6DCEBE72-522D-4CFE-B857-BE1A46622497}"
EndProject
Project("{FAE04EC0-301F-11D3-BF4B-00C04F79EFBC}") = "02.Comparing_Floats", "02.Comparing_Floats\02.Comparing_Floats.csproj", "{D3F85CAE-9D4C-4227-BE47-F433E84E0987}"
EndProject
Project("{FAE04EC0-301F-11D3-BF4B-00C04F79EFBC}") = "03.PrintTheASCIITable", "03.PrintTheASCIITable\03.PrintTheASCIITable.csproj", "{11C7B173-D8AD-4F71-B889-0982795A0566}"
EndProject
Global
	GlobalSection(SolutionConfigurationPlatforms) = preSolution
		Debug|Any CPU = Debug|Any CPU
		Release|Any CPU = Release|Any CPU
	EndGlobalSection
	GlobalSection(ProjectConfigurationPlatforms) = postSolution
		{6DCEBE72-522D-4CFE-B857-BE1A46622497}.Debug|Any CPU.ActiveCfg = Debug|Any CPU
		{6DCEBE72-522D-4CFE-B857-BE1A46622497}.Debug|Any CPU.Build.0 = Debug|Any CPU
		{6DCEBE72-522D-4CFE-B857-BE1A46622497}.Release|Any CPU.ActiveCfg = Release|Any CPU
		{6DCEBE72-522D-4CFE-B857-BE1A46622497}.Release|Any CPU.Build.0 = Release|Any CPU
		{D3F85CAE-9D4C-4227-BE47-F433E84E0987}.Debug|Any CPU.ActiveCfg = Debug|Any CPU
		{D3F85CAE-9D4C-4227-BE47-F433E84E0987}.Debug|Any CPU.Build.0 = Debug|Any CPU
		{D3F85CAE-9D4C-4227-BE47-F433E84E0987}.Release|Any CPU.ActiveCfg = Release|Any CPU
		{D3F85CAE-9D4C-4227-BE47-F433E84E0987}.Release|Any CPU.Build.0 = Release|Any CPU
		{11C7B173-D8AD-4F71-B889-0982795A0566}.Debug|Any CPU.ActiveCfg = Debug|Any CPU
		{11C7B173-D8AD-4F71-B889-0982795A0566}.Debug|Any CPU.Build.0 = Debug|Any CPU
		{11C7B173-D8AD-4F71-B889-0982795A0566}.Release|Any CPU.ActiveCfg = Release|Any CPU
		{11C7B173-D8AD-4F71-B889-0982795A0566}.Release|Any CPU.Build.0 = Release|Any CPU
	EndGlobalSection
	GlobalSection(SolutionProperties) = preSolution
		HideSolutionNode = FALSE
	EndGlobalSection
EndGlobal
